
Microsoft Visual Studio Solution File, Format Version 12.00
# Visual Studio Version 17
VisualStudioVersion = 17.12.35527.113
MinimumVisualStudioVersion = 10.0.40219.1
Project("{FAE04EC0-301F-11D3-BF4B-00C04F79EFBC}") = "DoctorManagement.DataAccessLayer", "DoctorManagement.DataAccessLayer\DoctorManagement.DataAccessLayer.csproj", "{A1D31AC4-99D3-4541-98F3-5236F209E21E}"
EndProject
Project("{FAE04EC0-301F-11D3-BF4B-00C04F79EFBC}") = "DoctorManagement.API", "DoctorManagement.API\DoctorManagement.API.csproj", "{2881797B-2A36-4A14-9DEF-637C28264D7B}"
EndProject
Project("{FAE04EC0-301F-11D3-BF4B-00C04F79EFBC}") = "DoctorManagement.BusinessLogicLayer", "DoctorManagement.BusinessLogicLayer\DoctorManagement.BusinessLogicLayer.csproj", "{31A560E6-9EC5-400F-9170-ED269189D9C4}"
EndProject
Project("{FAE04EC0-301F-11D3-BF4B-00C04F79EFBC}") = "DoctorManagement.Presentation", "DoctorManagement.Presentation.Components\DoctorManagement.Presentation.csproj", "{C3231393-0E27-48E4-9D9E-8C53D0228345}"
EndProject
Project("{FAE04EC0-301F-11D3-BF4B-00C04F79EFBC}") = "DoctorManagement.MAUI", "DoctorManagement.MAUI\DoctorManagement.MAUI.csproj", "{4B0C4C8D-E258-4FED-BA31-3501094A0074}"
EndProject
Project("{FAE04EC0-301F-11D3-BF4B-00C04F79EFBC}") = "DoctorManagement.Api.Consumer", "DoctorManagement.Api.Consumer\DoctorManagement.Api.Consumer.csproj", "{3ACCD841-E54A-4CEA-96EF-A2EC5DC9B10A}"
EndProject
Project("{FAE04EC0-301F-11D3-BF4B-00C04F79EFBC}") = "DoctorManagement.Shared", "DoctorManagement.Shared\DoctorManagement.Shared.csproj", "{99C65935-DF55-400C-9198-0E785605324A}"
EndProject
Project("{FAE04EC0-301F-11D3-BF4B-00C04F79EFBC}") = "DoctorManagement.Integrations", "DoctorManagement.Integrations\DoctorManagement.Integrations.csproj", "{206E4EC2-03A1-4F3D-B30B-9019A0566C67}"
EndProject
Global
	GlobalSection(SolutionConfigurationPlatforms) = preSolution
		Debug|Any CPU = Debug|Any CPU
		Release|Any CPU = Release|Any CPU
	EndGlobalSection
	GlobalSection(ProjectConfigurationPlatforms) = postSolution
		{A1D31AC4-99D3-4541-98F3-5236F209E21E}.Debug|Any CPU.ActiveCfg = Debug|Any CPU
		{A1D31AC4-99D3-4541-98F3-5236F209E21E}.Debug|Any CPU.Build.0 = Debug|Any CPU
		{A1D31AC4-99D3-4541-98F3-5236F209E21E}.Release|Any CPU.ActiveCfg = Release|Any CPU
		{A1D31AC4-99D3-4541-98F3-5236F209E21E}.Release|Any CPU.Build.0 = Release|Any CPU
		{2881797B-2A36-4A14-9DEF-637C28264D7B}.Debug|Any CPU.ActiveCfg = Debug|Any CPU
		{2881797B-2A36-4A14-9DEF-637C28264D7B}.Debug|Any CPU.Build.0 = Debug|Any CPU
		{2881797B-2A36-4A14-9DEF-637C28264D7B}.Release|Any CPU.ActiveCfg = Release|Any CPU
		{2881797B-2A36-4A14-9DEF-637C28264D7B}.Release|Any CPU.Build.0 = Release|Any CPU
		{31A560E6-9EC5-400F-9170-ED269189D9C4}.Debug|Any CPU.ActiveCfg = Debug|Any CPU
		{31A560E6-9EC5-400F-9170-ED269189D9C4}.Debug|Any CPU.Build.0 = Debug|Any CPU
		{31A560E6-9EC5-400F-9170-ED269189D9C4}.Release|Any CPU.ActiveCfg = Release|Any CPU
		{31A560E6-9EC5-400F-9170-ED269189D9C4}.Release|Any CPU.Build.0 = Release|Any CPU
		{C3231393-0E27-48E4-9D9E-8C53D0228345}.Debug|Any CPU.ActiveCfg = Debug|Any CPU
		{C3231393-0E27-48E4-9D9E-8C53D0228345}.Debug|Any CPU.Build.0 = Debug|Any CPU
		{C3231393-0E27-48E4-9D9E-8C53D0228345}.Release|Any CPU.ActiveCfg = Release|Any CPU
		{C3231393-0E27-48E4-9D9E-8C53D0228345}.Release|Any CPU.Build.0 = Release|Any CPU
		{4B0C4C8D-E258-4FED-BA31-3501094A0074}.Debug|Any CPU.ActiveCfg = Debug|Any CPU
		{4B0C4C8D-E258-4FED-BA31-3501094A0074}.Debug|Any CPU.Build.0 = Debug|Any CPU
		{4B0C4C8D-E258-4FED-BA31-3501094A0074}.Debug|Any CPU.Deploy.0 = Debug|Any CPU
		{4B0C4C8D-E258-4FED-BA31-3501094A0074}.Release|Any CPU.ActiveCfg = Release|Any CPU
		{4B0C4C8D-E258-4FED-BA31-3501094A0074}.Release|Any CPU.Build.0 = Release|Any CPU
		{4B0C4C8D-E258-4FED-BA31-3501094A0074}.Release|Any CPU.Deploy.0 = Release|Any CPU
		{3ACCD841-E54A-4CEA-96EF-A2EC5DC9B10A}.Debug|Any CPU.ActiveCfg = Debug|Any CPU
		{3ACCD841-E54A-4CEA-96EF-A2EC5DC9B10A}.Debug|Any CPU.Build.0 = Debug|Any CPU
		{3ACCD841-E54A-4CEA-96EF-A2EC5DC9B10A}.Release|Any CPU.ActiveCfg = Release|Any CPU
		{3ACCD841-E54A-4CEA-96EF-A2EC5DC9B10A}.Release|Any CPU.Build.0 = Release|Any CPU
		{99C65935-DF55-400C-9198-0E785605324A}.Debug|Any CPU.ActiveCfg = Debug|Any CPU
		{99C65935-DF55-400C-9198-0E785605324A}.Debug|Any CPU.Build.0 = Debug|Any CPU
		{99C65935-DF55-400C-9198-0E785605324A}.Release|Any CPU.ActiveCfg = Release|Any CPU
		{99C65935-DF55-400C-9198-0E785605324A}.Release|Any CPU.Build.0 = Release|Any CPU
		{206E4EC2-03A1-4F3D-B30B-9019A0566C67}.Debug|Any CPU.ActiveCfg = Debug|Any CPU
		{206E4EC2-03A1-4F3D-B30B-9019A0566C67}.Debug|Any CPU.Build.0 = Debug|Any CPU
		{206E4EC2-03A1-4F3D-B30B-9019A0566C67}.Release|Any CPU.ActiveCfg = Release|Any CPU
		{206E4EC2-03A1-4F3D-B30B-9019A0566C67}.Release|Any CPU.Build.0 = Release|Any CPU
	EndGlobalSection
	GlobalSection(SolutionProperties) = preSolution
		HideSolutionNode = FALSE
	EndGlobalSection
	GlobalSection(ExtensibilityGlobals) = postSolution
		SolutionGuid = {6B7E0D0C-250D-4F18-B107-1A2D964B8F52}
	EndGlobalSection
EndGlobal
